
Microsoft Visual Studio Solution File, Format Version 12.00
# Visual Studio 15
VisualStudioVersion = 15.0.27428.2037
MinimumVisualStudioVersion = 10.0.40219.1
Project("{8BC9CEB8-8B4A-11D0-8D11-00A0C91BC942}") = "GRUNGE_AND_ROMANCE", "GRUNGE_AND_ROMANCE.vcxproj", "{0A071779-669C-4E0C-AC6E-B487AD5E91A3}"
EndProject
Global
	GlobalSection(SolutionConfigurationPlatforms) = preSolution
		Debug|x64 = Debug|x64
		Debug|x86 = Debug|x86
		Release|x64 = Release|x64
		Release|x86 = Release|x86
	EndGlobalSection
	GlobalSection(ProjectConfigurationPlatforms) = postSolution
		{0A071779-669C-4E0C-AC6E-B487AD5E91A3}.Debug|x64.ActiveCfg = Debug|x64
		{0A071779-669C-4E0C-AC6E-B487AD5E91A3}.Debug|x64.Build.0 = Debug|x64
		{0A071779-669C-4E0C-AC6E-B487AD5E91A3}.Debug|x86.ActiveCfg = Debug|Win32
		{0A071779-669C-4E0C-AC6E-B487AD5E91A3}.Debug|x86.Build.0 = Debug|Win32
		{0A071779-669C-4E0C-AC6E-B487AD5E91A3}.Release|x64.ActiveCfg = Release|x64
		{0A071779-669C-4E0C-AC6E-B487AD5E91A3}.Release|x64.Build.0 = Release|x64
		{0A071779-669C-4E0C-AC6E-B487AD5E91A3}.Release|x86.ActiveCfg = Release|Win32
		{0A071779-669C-4E0C-AC6E-B487AD5E91A3}.Release|x86.Build.0 = Release|Win32
	EndGlobalSection
	GlobalSection(SolutionProperties) = preSolution
		HideSolutionNode = FALSE
	EndGlobalSection
	GlobalSection(ExtensibilityGlobals) = postSolution
		SolutionGuid = {7F9AAAE8-622E-4C35-A7E6-C86C85636093}
	EndGlobalSection
EndGlobal
